
Microsoft Visual Studio Solution File, Format Version 12.00
# Visual Studio 15
Project("{FAE04EC0-301F-11D3-BF4B-00C04F79EFBC}") = "StarVR", "StarVR.csproj", "{4EF14C3C-1CCD-096F-EC9E-ED191C2938DC}"
EndProject
Project("{FAE04EC0-301F-11D3-BF4B-00C04F79EFBC}") = "StarVR.Editor", "StarVR.Editor.csproj", "{9C2966EA-FB00-8027-6480-255FA23E557E}"
EndProject
Global
	GlobalSection(SolutionConfigurationPlatforms) = preSolution
		Debug|Any CPU = Debug|Any CPU
		Release|Any CPU = Release|Any CPU
	EndGlobalSection
	GlobalSection(ProjectConfigurationPlatforms) = postSolution
		{4EF14C3C-1CCD-096F-EC9E-ED191C2938DC}.Debug|Any CPU.ActiveCfg = Debug|Any CPU
		{4EF14C3C-1CCD-096F-EC9E-ED191C2938DC}.Debug|Any CPU.Build.0 = Debug|Any CPU
		{4EF14C3C-1CCD-096F-EC9E-ED191C2938DC}.Release|Any CPU.ActiveCfg = Release|Any CPU
		{4EF14C3C-1CCD-096F-EC9E-ED191C2938DC}.Release|Any CPU.Build.0 = Release|Any CPU
		{9C2966EA-FB00-8027-6480-255FA23E557E}.Debug|Any CPU.ActiveCfg = Debug|Any CPU
		{9C2966EA-FB00-8027-6480-255FA23E557E}.Debug|Any CPU.Build.0 = Debug|Any CPU
		{9C2966EA-FB00-8027-6480-255FA23E557E}.Release|Any CPU.ActiveCfg = Release|Any CPU
		{9C2966EA-FB00-8027-6480-255FA23E557E}.Release|Any CPU.Build.0 = Release|Any CPU
	EndGlobalSection
	GlobalSection(SolutionProperties) = preSolution
		HideSolutionNode = FALSE
	EndGlobalSection
EndGlobal
