
Microsoft Visual Studio Solution File, Format Version 12.00
# Visual Studio 15
Project("{FAE04EC0-301F-11D3-BF4B-00C04F79EFBC}") = "EventTesting", "EventTesting.csproj", "{F66F8C5C-F33C-F7FA-5FF4-1E8F408341EE}"
EndProject
Global
	GlobalSection(SolutionConfigurationPlatforms) = preSolution
		Debug|Any CPU = Debug|Any CPU
		Release|Any CPU = Release|Any CPU
	EndGlobalSection
	GlobalSection(ProjectConfigurationPlatforms) = postSolution
		{F66F8C5C-F33C-F7FA-5FF4-1E8F408341EE}.Debug|Any CPU.ActiveCfg = Debug|Any CPU
		{F66F8C5C-F33C-F7FA-5FF4-1E8F408341EE}.Debug|Any CPU.Build.0 = Debug|Any CPU
		{F66F8C5C-F33C-F7FA-5FF4-1E8F408341EE}.Release|Any CPU.ActiveCfg = Release|Any CPU
		{F66F8C5C-F33C-F7FA-5FF4-1E8F408341EE}.Release|Any CPU.Build.0 = Release|Any CPU
	EndGlobalSection
	GlobalSection(SolutionProperties) = preSolution
		HideSolutionNode = FALSE
	EndGlobalSection
EndGlobal
